{
    "_readme": [
        "This file locks the dependencies of your project to a known state",
        "Read more about it at https://getcomposer.org/doc/01-basic-usage.md#installing-dependencies",
        "This file is @generated automatically"
    ],
    "content-hash": "eb128157fb2a49db9b3f270c04d7624a",
    "packages": [],
    "packages-dev": [
        {
            "name": "doctrine/inflector",
            "version": "1.4.3",
            "source": {
                "type": "git",
                "url": "https://github.com/doctrine/inflector.git",
                "reference": "4650c8b30c753a76bf44fb2ed00117d6f367490c"
            },
            "dist": {
                "type": "zip",
                "url": "https://api.github.com/repos/doctrine/inflector/zipball/4650c8b30c753a76bf44fb2ed00117d6f367490c",
                "reference": "4650c8b30c753a76bf44fb2ed00117d6f367490c",
                "shasum": ""
            },
            "require": {
                "php": "^7.2 || ^8.0"
            },
            "require-dev": {
                "doctrine/coding-standard": "^7.0",
                "phpstan/phpstan": "^0.11",
                "phpstan/phpstan-phpunit": "^0.11",
                "phpstan/phpstan-strict-rules": "^0.11",
                "phpunit/phpunit": "^7.0 || ^8.0 || ^9.0"
            },
            "type": "library",
            "extra": {
                "branch-alias": {
                    "dev-master": "2.0.x-dev"
                }
            },
            "autoload": {
                "psr-4": {
                    "Doctrine\\Common\\Inflector\\": "lib/Doctrine/Common/Inflector",
                    "Doctrine\\Inflector\\": "lib/Doctrine/Inflector"
                }
            },
            "notification-url": "https://packagist.org/downloads/",
            "license": [
                "MIT"
            ],
            "authors": [
                {
                    "name": "Guilherme Blanco",
                    "email": "guilhermeblanco@gmail.com"
                },
                {
                    "name": "Roman Borschel",
                    "email": "roman@code-factory.org"
                },
                {
                    "name": "Benjamin Eberlei",
                    "email": "kontakt@beberlei.de"
                },
                {
                    "name": "Jonathan Wage",
                    "email": "jonwage@gmail.com"
                },
                {
                    "name": "Johannes Schmitt",
                    "email": "schmittjoh@gmail.com"
                }
            ],
            "description": "PHP Doctrine Inflector is a small library that can perform string manipulations with regard to upper/lowercase and singular/plural forms of words.",
            "homepage": "https://www.doctrine-project.org/projects/inflector.html",
            "keywords": [
                "inflection",
                "inflector",
                "lowercase",
                "manipulation",
                "php",
                "plural",
                "singular",
                "strings",
                "uppercase",
                "words"
            ],
            "support": {
                "issues": "https://github.com/doctrine/inflector/issues",
                "source": "https://github.com/doctrine/inflector/tree/1.4.x"
            },
            "funding": [
                {
                    "url": "https://www.doctrine-project.org/sponsorship.html",
                    "type": "custom"
                },
                {
                    "url": "https://www.patreon.com/phpdoctrine",
                    "type": "patreon"
                },
                {
                    "url": "https://tidelift.com/funding/github/packagist/doctrine%2Finflector",
                    "type": "tidelift"
                }
            ],
            "time": "2020-05-29T07:19:59+00:00"
        },
        {
            "name": "mysql-workbench-schema-exporter/mysql-workbench-schema-exporter",
            "version": "dev-master",
            "source": {
                "type": "git",
                "url": "https://github.com/mysql-workbench-schema-exporter/mysql-workbench-schema-exporter.git",
                "reference": "42585a4a43841fe6910af318de45d90182ebd60e"
            },
            "require": {
                "doctrine/inflector": "^1.0.0",
                "php": ">=5.4.0"
            },
            "default-branch": true,
            "bin": [
                "bin/mysql-workbench-schema-export",
                "bin/update-sql-reserved-words"
            ],
            "type": "library",
            "autoload": {
                "psr-4": {
                    "MwbExporter\\": "lib/"
                }
            },
            "license": [
                "MIT"
            ],
            "authors": [
                {
                    "name": "Johannes Mueller",
                    "email": "circus2@web.de",
                    "role": "Developer"
                },
                {
                    "name": "Toha",
                    "email": "tohenk@yahoo.com",
                    "role": "Developer"
                },
                {
                    "name": "Robert Vock",
                    "email": "robertvock82@gmail.com",
                    "role": "Developer"
                }
            ],
            "description": "MySQL Workbench Schema Exporter",
            "homepage": "https://github.com/mysql-workbench-schema-exporter/mysql-workbench-schema-exporter",
            "keywords": [
                "cli",
                "database",
                "doctrine",
                "extjs",
                "mysql",
                "mysql workbench",
                "propel",
                "sequelizejs",
                "zend"
            ],
            "time": "2021-02-12T16:04:20+00:00"
        },
        {
            "name": "mysql-workbench-schema-exporter/node-exporter",
            "version": "dev-master",
            "source": {
                "type": "git",
                "url": "https://github.com/molaux/node-exporter.git",
                "reference": "14d69f4c3cfd8c96bf540a61004a8ddc228efef0"
            },
            "require": {
                "mysql-workbench-schema-exporter/mysql-workbench-schema-exporter": "dev-master",
                "php": ">=5.4.0"
            },
            "default-branch": true,
            "type": "library",
            "extra": {
                "mysql-workbench-schema-exporter": {
                    "formatters": {
                        "node-sequelize5": "MwbExporter\\Formatter\\Node\\Sequelize5\\Formatter",
                        "node-sequelize6": "MwbExporter\\Formatter\\Node\\Sequelize6\\Formatter"
                    }
                }
            },
            "autoload": {
                "psr-4": {
                    "MwbExporter\\Formatter\\Node\\": "lib/"
                }
            },
            "license": [
                "MIT"
            ],
            "authors": [
                {
                    "name": "Johannes Mueller",
                    "email": "circus2@web.de",
                    "role": "Developer"
                },
                {
                    "name": "Toha",
                    "email": "tohenk@yahoo.com",
                    "role": "Developer"
                },
                {
                    "name": "Robert Vock",
                    "email": "robertvock82@gmail.com",
                    "role": "Developer"
                }
            ],
            "description": "MySQL Workbench Schema Exporter for Sequelizejs",
            "homepage": "https://github.com/mysql-workbench-schema-exporter/node-exporter",
            "keywords": [
                "cli",
                "database",
                "mysql",
                "mysql workbench",
                "sequelizejs"
            ],
            "time": "2021-04-13T16:59:53+00:00"
        }
    ],
    "aliases": [],
    "minimum-stability": "stable",
    "stability-flags": {
        "mysql-workbench-schema-exporter/mysql-workbench-schema-exporter": 20,
        "mysql-workbench-schema-exporter/node-exporter": 20
    },
    "prefer-stable": false,
    "prefer-lowest": false,
    "platform": [],
    "platform-dev": [],
    "plugin-api-version": "2.0.0"
}
